// !$*UTF8*$!
{
	archiveVersion = 1;
	classes = {
	};
	objectVersion = 55;
	objects = {

/* Begin PBXBuildFile section */
		8A649198293150B4004B65C2 /* BoardView.swift in Sources */ = {isa = PBXBuildFile; fileRef = 8A649197293150B4004B65C2 /* BoardView.swift */; };
		8A64919A2931512D004B65C2 /* ComputerSettingView.swift in Sources */ = {isa = PBXBuildFile; fileRef = 8A6491992931512D004B65C2 /* ComputerSettingView.swift */; };
		8A64919C293151CC004B65C2 /* IndicatorView.swift in Sources */ = {isa = PBXBuildFile; fileRef = 8A64919B293151CC004B65C2 /* IndicatorView.swift */; };
		8A6491B92932879B004B65C2 /* Structures.swift in Sources */ = {isa = PBXBuildFile; fileRef = 8A6491B82932879B004B65C2 /* Structures.swift */; };
		8A6491BB293287AC004B65C2 /* Utilities.swift in Sources */ = {isa = PBXBuildFile; fileRef = 8A6491BA293287AC004B65C2 /* Utilities.swift */; };
		8A6491BD29328820004B65C2 /* Grid.swift in Sources */ = {isa = PBXBuildFile; fileRef = 8A6491BC29328820004B65C2 /* Grid.swift */; };
		F53A2E482801EC29009C59CF /* Constants.swift in Sources */ = {isa = PBXBuildFile; fileRef = F53A2E472801EC29009C59CF /* Constants.swift */; };
		F59506322800C680005EF5CA /* UIKit.framework in Frameworks */ = {isa = PBXBuildFile; fileRef = F59506312800C680005EF5CA /* UIKit.framework */; };
		F5A3D5A527FB22BB00DE2819 /* TicTacToeApp.swift in Sources */ = {isa = PBXBuildFile; fileRef = F5A3D59527FB22B600DE2819 /* TicTacToeApp.swift */; };
		F5A3D5A727FB22BB00DE2819 /* MainView.swift in Sources */ = {isa = PBXBuildFile; fileRef = F5A3D59627FB22B600DE2819 /* MainView.swift */; };
		F5A3D5A927FB22BB00DE2819 /* Assets.xcassets in Resources */ = {isa = PBXBuildFile; fileRef = F5A3D59727FB22BB00DE2819 /* Assets.xcassets */; };
		F5A3D5B727FB295600DE2819 /* CellView.swift in Sources */ = {isa = PBXBuildFile; fileRef = F5A3D5B627FB295600DE2819 /* CellView.swift */; };
		F5A3D5BD27FB449700DE2819 /* Tesseract.swift in Sources */ = {isa = PBXBuildFile; fileRef = F5A3D5BC27FB449700DE2819 /* Tesseract.swift */; };
		F5E8226927FEF94D00337B88 /* PlayerScoreView.swift in Sources */ = {isa = PBXBuildFile; fileRef = F5E8226827FEF94D00337B88 /* PlayerScoreView.swift */; };
		F5E8226C27FF002800337B88 /* ResetView.swift in Sources */ = {isa = PBXBuildFile; fileRef = F5E8226B27FF002800337B88 /* ResetView.swift */; };
/* End PBXBuildFile section */

/* Begin PBXFileReference section */
		8A649197293150B4004B65C2 /* BoardView.swift */ = {isa = PBXFileReference; lastKnownFileType = sourcecode.swift; path = BoardView.swift; sourceTree = "<group>"; };
		8A6491992931512D004B65C2 /* ComputerSettingView.swift */ = {isa = PBXFileReference; lastKnownFileType = sourcecode.swift; path = ComputerSettingView.swift; sourceTree = "<group>"; };
		8A64919B293151CC004B65C2 /* IndicatorView.swift */ = {isa = PBXFileReference; lastKnownFileType = sourcecode.swift; path = IndicatorView.swift; sourceTree = "<group>"; };
		8A6491B82932879B004B65C2 /* Structures.swift */ = {isa = PBXFileReference; lastKnownFileType = sourcecode.swift; path = Structures.swift; sourceTree = "<group>"; };
		8A6491BA293287AC004B65C2 /* Utilities.swift */ = {isa = PBXFileReference; lastKnownFileType = sourcecode.swift; path = Utilities.swift; sourceTree = "<group>"; };
		8A6491BC29328820004B65C2 /* Grid.swift */ = {isa = PBXFileReference; lastKnownFileType = sourcecode.swift; path = Grid.swift; sourceTree = "<group>"; };
		F53A2E472801EC29009C59CF /* Constants.swift */ = {isa = PBXFileReference; lastKnownFileType = sourcecode.swift; path = Constants.swift; sourceTree = "<group>"; };
		F59506312800C680005EF5CA /* UIKit.framework */ = {isa = PBXFileReference; lastKnownFileType = wrapper.framework; name = UIKit.framework; path = System/iOSSupport/System/Library/Frameworks/UIKit.framework; sourceTree = SDKROOT; };
		F5A3D59527FB22B600DE2819 /* TicTacToeApp.swift */ = {isa = PBXFileReference; lastKnownFileType = sourcecode.swift; path = TicTacToeApp.swift; sourceTree = "<group>"; };
		F5A3D59627FB22B600DE2819 /* MainView.swift */ = {isa = PBXFileReference; lastKnownFileType = sourcecode.swift; path = MainView.swift; sourceTree = "<group>"; };
		F5A3D59727FB22BB00DE2819 /* Assets.xcassets */ = {isa = PBXFileReference; lastKnownFileType = folder.assetcatalog; path = Assets.xcassets; sourceTree = "<group>"; };
		F5A3D59C27FB22BB00DE2819 /* TicTacToe.app */ = {isa = PBXFileReference; explicitFileType = wrapper.application; includeInIndex = 0; path = TicTacToe.app; sourceTree = BUILT_PRODUCTS_DIR; };
		F5A3D5B627FB295600DE2819 /* CellView.swift */ = {isa = PBXFileReference; lastKnownFileType = sourcecode.swift; path = CellView.swift; sourceTree = "<group>"; };
		F5A3D5BC27FB449700DE2819 /* Tesseract.swift */ = {isa = PBXFileReference; lastKnownFileType = sourcecode.swift; path = Tesseract.swift; sourceTree = "<group>"; };
		F5E8226827FEF94D00337B88 /* PlayerScoreView.swift */ = {isa = PBXFileReference; lastKnownFileType = sourcecode.swift; path = PlayerScoreView.swift; sourceTree = "<group>"; };
		F5E8226B27FF002800337B88 /* ResetView.swift */ = {isa = PBXFileReference; lastKnownFileType = sourcecode.swift; path = ResetView.swift; sourceTree = "<group>"; };
/* End PBXFileReference section */

/* Begin PBXFrameworksBuildPhase section */
		F5A3D59927FB22BB00DE2819 /* Frameworks */ = {
			isa = PBXFrameworksBuildPhase;
			buildActionMask = 2147483647;
			files = (
				F59506322800C680005EF5CA /* UIKit.framework in Frameworks */,
			);
			runOnlyForDeploymentPostprocessing = 0;
		};
/* End PBXFrameworksBuildPhase section */

/* Begin PBXGroup section */
		8A6491942931506C004B65C2 /* ComponentViews */ = {
			isa = PBXGroup;
			children = (
				F5A3D5B627FB295600DE2819 /* CellView.swift */,
				F5E8226B27FF002800337B88 /* ResetView.swift */,
				F5E8226827FEF94D00337B88 /* PlayerScoreView.swift */,
				8A64919B293151CC004B65C2 /* IndicatorView.swift */,
			);
			path = ComponentViews;
			sourceTree = "<group>";
		};
		8A64919529315089004B65C2 /* SectionViews */ = {
			isa = PBXGroup;
			children = (
				8A649197293150B4004B65C2 /* BoardView.swift */,
				8A6491992931512D004B65C2 /* ComputerSettingView.swift */,
			);
			path = SectionViews;
			sourceTree = "<group>";
		};
		8A6491962931509C004B65C2 /* Core */ = {
			isa = PBXGroup;
			children = (
				F5A3D5BC27FB449700DE2819 /* Tesseract.swift */,
				F53A2E472801EC29009C59CF /* Constants.swift */,
				8A6491B82932879B004B65C2 /* Structures.swift */,
				8A6491BA293287AC004B65C2 /* Utilities.swift */,
				8A6491BC29328820004B65C2 /* Grid.swift */,
			);
			path = Core;
			sourceTree = "<group>";
		};
		F59506302800C680005EF5CA /* Frameworks */ = {
			isa = PBXGroup;
			children = (
				F59506312800C680005EF5CA /* UIKit.framework */,
			);
			name = Frameworks;
			sourceTree = "<group>";
		};
		F5A3D58F27FB22B600DE2819 = {
			isa = PBXGroup;
			children = (
				F5A3D59427FB22B600DE2819 /* Shared */,
				F5A3D59D27FB22BB00DE2819 /* Products */,
				F59506302800C680005EF5CA /* Frameworks */,
			);
			sourceTree = "<group>";
		};
		F5A3D59427FB22B600DE2819 /* Shared */ = {
			isa = PBXGroup;
			children = (
				8A6491962931509C004B65C2 /* Core */,
				8A64919529315089004B65C2 /* SectionViews */,
				8A6491942931506C004B65C2 /* ComponentViews */,
				F5A3D59527FB22B600DE2819 /* TicTacToeApp.swift */,
				F5A3D59627FB22B600DE2819 /* MainView.swift */,
				F5A3D59727FB22BB00DE2819 /* Assets.xcassets */,
			);
			path = Shared;
			sourceTree = "<group>";
		};
		F5A3D59D27FB22BB00DE2819 /* Products */ = {
			isa = PBXGroup;
			children = (
				F5A3D59C27FB22BB00DE2819 /* TicTacToe.app */,
			);
			name = Products;
			sourceTree = "<group>";
		};
/* End PBXGroup section */

/* Begin PBXNativeTarget section */
		F5A3D59B27FB22BB00DE2819 /* Simple TicTacToe (iOS) */ = {
			isa = PBXNativeTarget;
			buildConfigurationList = F5A3D5AD27FB22BB00DE2819 /* Build configuration list for PBXNativeTarget "Simple TicTacToe (iOS)" */;
			buildPhases = (
				F5A3D59827FB22BB00DE2819 /* Sources */,
				F5A3D59927FB22BB00DE2819 /* Frameworks */,
				F5A3D59A27FB22BB00DE2819 /* Resources */,
			);
			buildRules = (
			);
			dependencies = (
			);
			name = "Simple TicTacToe (iOS)";
			packageProductDependencies = (
			);
			productName = "Simple TicTacToe (iOS)";
			productReference = F5A3D59C27FB22BB00DE2819 /* TicTacToe.app */;
			productType = "com.apple.product-type.application";
		};
/* End PBXNativeTarget section */

/* Begin PBXProject section */
		F5A3D59027FB22B600DE2819 /* Project object */ = {
			isa = PBXProject;
			attributes = {
				BuildIndependentTargetsInParallel = 1;
				LastSwiftUpdateCheck = 1330;
				LastUpgradeCheck = 1400;
				TargetAttributes = {
					F5A3D59B27FB22BB00DE2819 = {
						CreatedOnToolsVersion = 13.3;
					};
				};
			};
			buildConfigurationList = F5A3D59327FB22B600DE2819 /* Build configuration list for PBXProject "Simple TicTacToe" */;
			compatibilityVersion = "Xcode 13.0";
			developmentRegion = en;
			hasScannedForEncodings = 0;
			knownRegions = (
				en,
				Base,
				"zh-Hant",
				ru,
				"en-GB",
				es,
				ko,
				"zh-Hans",
			);
			mainGroup = F5A3D58F27FB22B600DE2819;
			packageReferences = (
			);
			productRefGroup = F5A3D59D27FB22BB00DE2819 /* Products */;
			projectDirPath = "";
			projectRoot = "";
			targets = (
				F5A3D59B27FB22BB00DE2819 /* Simple TicTacToe (iOS) */,
			);
		};
/* End PBXProject section */

/* Begin PBXResourcesBuildPhase section */
		F5A3D59A27FB22BB00DE2819 /* Resources */ = {
			isa = PBXResourcesBuildPhase;
			buildActionMask = 2147483647;
			files = (
				F5A3D5A927FB22BB00DE2819 /* Assets.xcassets in Resources */,
			);
			runOnlyForDeploymentPostprocessing = 0;
		};
/* End PBXResourcesBuildPhase section */

/* Begin PBXSourcesBuildPhase section */
		F5A3D59827FB22BB00DE2819 /* Sources */ = {
			isa = PBXSourcesBuildPhase;
			buildActionMask = 2147483647;
			files = (
				F5E8226C27FF002800337B88 /* ResetView.swift in Sources */,
				F5E8226927FEF94D00337B88 /* PlayerScoreView.swift in Sources */,
				8A6491BB293287AC004B65C2 /* Utilities.swift in Sources */,
				8A6491B92932879B004B65C2 /* Structures.swift in Sources */,
				F5A3D5B727FB295600DE2819 /* CellView.swift in Sources */,
				F5A3D5A727FB22BB00DE2819 /* MainView.swift in Sources */,
				8A64919C293151CC004B65C2 /* IndicatorView.swift in Sources */,
				8A64919A2931512D004B65C2 /* ComputerSettingView.swift in Sources */,
				8A6491BD29328820004B65C2 /* Grid.swift in Sources */,
				F53A2E482801EC29009C59CF /* Constants.swift in Sources */,
				8A649198293150B4004B65C2 /* BoardView.swift in Sources */,
				F5A3D5BD27FB449700DE2819 /* Tesseract.swift in Sources */,
				F5A3D5A527FB22BB00DE2819 /* TicTacToeApp.swift in Sources */,
			);
			runOnlyForDeploymentPostprocessing = 0;
		};
/* End PBXSourcesBuildPhase section */

/* Begin XCBuildConfiguration section */
		F5A3D5AB27FB22BB00DE2819 /* Debug */ = {
			isa = XCBuildConfiguration;
			buildSettings = {
				ALWAYS_SEARCH_USER_PATHS = NO;
				CLANG_ANALYZER_NONNULL = YES;
				CLANG_ANALYZER_NUMBER_OBJECT_CONVERSION = YES_AGGRESSIVE;
				CLANG_CXX_LANGUAGE_STANDARD = "gnu++17";
				CLANG_ENABLE_MODULES = YES;
				CLANG_ENABLE_OBJC_ARC = YES;
				CLANG_ENABLE_OBJC_WEAK = YES;
				CLANG_WARN_BLOCK_CAPTURE_AUTORELEASING = YES;
				CLANG_WARN_BOOL_CONVERSION = YES;
				CLANG_WARN_COMMA = YES;
				CLANG_WARN_CONSTANT_CONVERSION = YES;
				CLANG_WARN_DEPRECATED_OBJC_IMPLEMENTATIONS = YES;
				CLANG_WARN_DIRECT_OBJC_ISA_USAGE = YES_ERROR;
				CLANG_WARN_DOCUMENTATION_COMMENTS = YES;
				CLANG_WARN_EMPTY_BODY = YES;
				CLANG_WARN_ENUM_CONVERSION = YES;
				CLANG_WARN_INFINITE_RECURSION = YES;
				CLANG_WARN_INT_CONVERSION = YES;
				CLANG_WARN_NON_LITERAL_NULL_CONVERSION = YES;
				CLANG_WARN_OBJC_IMPLICIT_RETAIN_SELF = YES;
				CLANG_WARN_OBJC_LITERAL_CONVERSION = YES;
				CLANG_WARN_OBJC_ROOT_CLASS = YES_ERROR;
				CLANG_WARN_QUOTED_INCLUDE_IN_FRAMEWORK_HEADER = YES;
				CLANG_WARN_RANGE_LOOP_ANALYSIS = YES;
				CLANG_WARN_STRICT_PROTOTYPES = YES;
				CLANG_WARN_SUSPICIOUS_MOVE = YES;
				CLANG_WARN_UNGUARDED_AVAILABILITY = YES_AGGRESSIVE;
				CLANG_WARN_UNREACHABLE_CODE = YES;
				CLANG_WARN__DUPLICATE_METHOD_MATCH = YES;
				COPY_PHASE_STRIP = NO;
				DEAD_CODE_STRIPPING = YES;
				DEBUG_INFORMATION_FORMAT = dwarf;
				ENABLE_STRICT_OBJC_MSGSEND = YES;
				ENABLE_TESTABILITY = YES;
				GCC_C_LANGUAGE_STANDARD = gnu11;
				GCC_DYNAMIC_NO_PIC = NO;
				GCC_NO_COMMON_BLOCKS = YES;
				GCC_OPTIMIZATION_LEVEL = 0;
				GCC_PREPROCESSOR_DEFINITIONS = (
					"DEBUG=1",
					"$(inherited)",
				);
				GCC_WARN_64_TO_32_BIT_CONVERSION = YES;
				GCC_WARN_ABOUT_RETURN_TYPE = YES_ERROR;
				GCC_WARN_UNDECLARED_SELECTOR = YES;
				GCC_WARN_UNINITIALIZED_AUTOS = YES_AGGRESSIVE;
				GCC_WARN_UNUSED_FUNCTION = YES;
				GCC_WARN_UNUSED_VARIABLE = YES;
				MTL_ENABLE_DEBUG_INFO = INCLUDE_SOURCE;
				MTL_FAST_MATH = YES;
				ONLY_ACTIVE_ARCH = YES;
				SWIFT_ACTIVE_COMPILATION_CONDITIONS = DEBUG;
				SWIFT_OPTIMIZATION_LEVEL = "-Onone";
			};
			name = Debug;
		};
		F5A3D5AC27FB22BB00DE2819 /* Release */ = {
			isa = XCBuildConfiguration;
			buildSettings = {
				ALWAYS_SEARCH_USER_PATHS = NO;
				CLANG_ANALYZER_NONNULL = YES;
				CLANG_ANALYZER_NUMBER_OBJECT_CONVERSION = YES_AGGRESSIVE;
				CLANG_CXX_LANGUAGE_STANDARD = "gnu++17";
				CLANG_ENABLE_MODULES = YES;
				CLANG_ENABLE_OBJC_ARC = YES;
				CLANG_ENABLE_OBJC_WEAK = YES;
				CLANG_WARN_BLOCK_CAPTURE_AUTORELEASING = YES;
				CLANG_WARN_BOOL_CONVERSION = YES;
				CLANG_WARN_COMMA = YES;
				CLANG_WARN_CONSTANT_CONVERSION = YES;
				CLANG_WARN_DEPRECATED_OBJC_IMPLEMENTATIONS = YES;
				CLANG_WARN_DIRECT_OBJC_ISA_USAGE = YES_ERROR;
				CLANG_WARN_DOCUMENTATION_COMMENTS = YES;
				CLANG_WARN_EMPTY_BODY = YES;
				CLANG_WARN_ENUM_CONVERSION = YES;
				CLANG_WARN_INFINITE_RECURSION = YES;
				CLANG_WARN_INT_CONVERSION = YES;
				CLANG_WARN_NON_LITERAL_NULL_CONVERSION = YES;
				CLANG_WARN_OBJC_IMPLICIT_RETAIN_SELF = YES;
				CLANG_WARN_OBJC_LITERAL_CONVERSION = YES;
				CLANG_WARN_OBJC_ROOT_CLASS = YES_ERROR;
				CLANG_WARN_QUOTED_INCLUDE_IN_FRAMEWORK_HEADER = YES;
				CLANG_WARN_RANGE_LOOP_ANALYSIS = YES;
				CLANG_WARN_STRICT_PROTOTYPES = YES;
				CLANG_WARN_SUSPICIOUS_MOVE = YES;
				CLANG_WARN_UNGUARDED_AVAILABILITY = YES_AGGRESSIVE;
				CLANG_WARN_UNREACHABLE_CODE = YES;
				CLANG_WARN__DUPLICATE_METHOD_MATCH = YES;
				COPY_PHASE_STRIP = NO;
				DEAD_CODE_STRIPPING = YES;
				DEBUG_INFORMATION_FORMAT = "dwarf-with-dsym";
				ENABLE_NS_ASSERTIONS = NO;
				ENABLE_STRICT_OBJC_MSGSEND = YES;
				GCC_C_LANGUAGE_STANDARD = gnu11;
				GCC_NO_COMMON_BLOCKS = YES;
				GCC_WARN_64_TO_32_BIT_CONVERSION = YES;
				GCC_WARN_ABOUT_RETURN_TYPE = YES_ERROR;
				GCC_WARN_UNDECLARED_SELECTOR = YES;
				GCC_WARN_UNINITIALIZED_AUTOS = YES_AGGRESSIVE;
				GCC_WARN_UNUSED_FUNCTION = YES;
				GCC_WARN_UNUSED_VARIABLE = YES;
				MTL_ENABLE_DEBUG_INFO = NO;
				MTL_FAST_MATH = YES;
				SWIFT_COMPILATION_MODE = wholemodule;
				SWIFT_OPTIMIZATION_LEVEL = "-O";
			};
			name = Release;
		};
		F5A3D5AE27FB22BB00DE2819 /* Debug */ = {
			isa = XCBuildConfiguration;
			buildSettings = {
				ASSETCATALOG_COMPILER_APPICON_NAME = AppIcon;
				ASSETCATALOG_COMPILER_GLOBAL_ACCENT_COLOR_NAME = AccentColor;
				ASSETCATALOG_COMPILER_INCLUDE_ALL_APPICON_ASSETS = YES;
				CODE_SIGN_ENTITLEMENTS = "Simple TicTacToe (iOS).entitlements";
				CODE_SIGN_STYLE = Automatic;
				CURRENT_PROJECT_VERSION = 3;
				DEVELOPMENT_TEAM = FRBS8WNB5F;
				ENABLE_PREVIEWS = YES;
				FRAMEWORK_SEARCH_PATHS = (
					"$(inherited)",
					"$(SDKROOT)/System/iOSSupport/System/Library/Frameworks",
				);
				GENERATE_INFOPLIST_FILE = YES;
				INFOPLIST_KEY_CFBundleDisplayName = "Tic-Tac-Toe";
				INFOPLIST_KEY_LSApplicationCategoryType = "public.app-category.arcade-games";
				INFOPLIST_KEY_UIApplicationSceneManifest_Generation = YES;
				INFOPLIST_KEY_UIApplicationSupportsIndirectInputEvents = YES;
				INFOPLIST_KEY_UILaunchScreen_Generation = YES;
				INFOPLIST_KEY_UISupportedInterfaceOrientations = "UIInterfaceOrientationPortrait UIInterfaceOrientationPortraitUpsideDown";
				INFOPLIST_KEY_UISupportedInterfaceOrientations_iPad = "UIInterfaceOrientationPortrait UIInterfaceOrientationPortraitUpsideDown UIInterfaceOrientationLandscapeLeft UIInterfaceOrientationLandscapeRight";
				INFOPLIST_KEY_UISupportedInterfaceOrientations_iPhone = "UIInterfaceOrientationPortraitUpsideDown UIInterfaceOrientationPortrait";
				IPHONEOS_DEPLOYMENT_TARGET = 15.4;
				"IPHONEOS_DEPLOYMENT_TARGET[sdk=macosx*]" = 15.2;
				LD_RUNPATH_SEARCH_PATHS = (
					"$(inherited)",
					"@executable_path/Frameworks",
				);
				MARKETING_VERSION = 1.6.4;
				PRODUCT_BUNDLE_IDENTIFIER = dev.lancylot.tictactoe;
				"PRODUCT_BUNDLE_IDENTIFIER[sdk=iphoneos*]" = dev.lancy.tictactoe;
				"PRODUCT_BUNDLE_IDENTIFIER[sdk=macosx*]" = dev.lancy.tictactoe;
				PRODUCT_NAME = TicTacToe;
				SDKROOT = iphoneos;
				SUPPORTS_MACCATALYST = YES;
				SUPPORTS_MAC_DESIGNED_FOR_IPHONE_IPAD = NO;
				SWIFT_EMIT_LOC_STRINGS = YES;
				SWIFT_VERSION = 5.0;
				TARGETED_DEVICE_FAMILY = "1,2,6";
			};
			name = Debug;
		};
		F5A3D5AF27FB22BB00DE2819 /* Release */ = {
			isa = XCBuildConfiguration;
			buildSettings = {
				ASSETCATALOG_COMPILER_APPICON_NAME = AppIcon;
				ASSETCATALOG_COMPILER_GLOBAL_ACCENT_COLOR_NAME = AccentColor;
				ASSETCATALOG_COMPILER_INCLUDE_ALL_APPICON_ASSETS = YES;
				CODE_SIGN_ENTITLEMENTS = "Simple TicTacToe (iOS).entitlements";
				CODE_SIGN_STYLE = Automatic;
				CURRENT_PROJECT_VERSION = 3;
				DEVELOPMENT_TEAM = FRBS8WNB5F;
				ENABLE_PREVIEWS = YES;
				FRAMEWORK_SEARCH_PATHS = (
					"$(inherited)",
					"$(SDKROOT)/System/iOSSupport/System/Library/Frameworks",
				);
				GENERATE_INFOPLIST_FILE = YES;
				INFOPLIST_KEY_CFBundleDisplayName = "Tic-Tac-Toe";
				INFOPLIST_KEY_LSApplicationCategoryType = "public.app-category.arcade-games";
				INFOPLIST_KEY_UIApplicationSceneManifest_Generation = YES;
				INFOPLIST_KEY_UIApplicationSupportsIndirectInputEvents = YES;
				INFOPLIST_KEY_UILaunchScreen_Generation = YES;
				INFOPLIST_KEY_UISupportedInterfaceOrientations = "UIInterfaceOrientationPortrait UIInterfaceOrientationPortraitUpsideDown";
				INFOPLIST_KEY_UISupportedInterfaceOrientations_iPad = "UIInterfaceOrientationPortrait UIInterfaceOrientationPortraitUpsideDown UIInterfaceOrientationLandscapeLeft UIInterfaceOrientationLandscapeRight";
				INFOPLIST_KEY_UISupportedInterfaceOrientations_iPhone = "UIInterfaceOrientationPortraitUpsideDown UIInterfaceOrientationPortrait";
				IPHONEOS_DEPLOYMENT_TARGET = 15.4;
				"IPHONEOS_DEPLOYMENT_TARGET[sdk=macosx*]" = 15.2;
				LD_RUNPATH_SEARCH_PATHS = (
					"$(inherited)",
					"@executable_path/Frameworks",
				);
				MARKETING_VERSION = 1.6.4;
				PRODUCT_BUNDLE_IDENTIFIER = dev.lancylot.tictactoe;
				"PRODUCT_BUNDLE_IDENTIFIER[sdk=iphoneos*]" = dev.lancy.tictactoe;
				"PRODUCT_BUNDLE_IDENTIFIER[sdk=macosx*]" = dev.lancy.tictactoe;
				PRODUCT_NAME = TicTacToe;
				SDKROOT = iphoneos;
				SUPPORTS_MACCATALYST = YES;
				SUPPORTS_MAC_DESIGNED_FOR_IPHONE_IPAD = NO;
				SWIFT_EMIT_LOC_STRINGS = YES;
				SWIFT_VERSION = 5.0;
				TARGETED_DEVICE_FAMILY = "1,2,6";
				VALIDATE_PRODUCT = YES;
			};
			name = Release;
		};
/* End XCBuildConfiguration section */

/* Begin XCConfigurationList section */
		F5A3D59327FB22B600DE2819 /* Build configuration list for PBXProject "Simple TicTacToe" */ = {
			isa = XCConfigurationList;
			buildConfigurations = (
				F5A3D5AB27FB22BB00DE2819 /* Debug */,
				F5A3D5AC27FB22BB00DE2819 /* Release */,
			);
			defaultConfigurationIsVisible = 0;
			defaultConfigurationName = Release;
		};
		F5A3D5AD27FB22BB00DE2819 /* Build configuration list for PBXNativeTarget "Simple TicTacToe (iOS)" */ = {
			isa = XCConfigurationList;
			buildConfigurations = (
				F5A3D5AE27FB22BB00DE2819 /* Debug */,
				F5A3D5AF27FB22BB00DE2819 /* Release */,
			);
			defaultConfigurationIsVisible = 0;
			defaultConfigurationName = Release;
		};
/* End XCConfigurationList section */
	};
	rootObject = F5A3D59027FB22B600DE2819 /* Project object */;
}
